
Microsoft Visual Studio Solution File, Format Version 12.00
# Visual Studio Version 17
VisualStudioVersion = 17.0.31903.59
MinimumVisualStudioVersion = 10.0.40219.1
Project("{FAE04EC0-301F-11D3-BF4B-00C04F79EFBC}") = "IntCollections", "IntCollections\IntCollections.csproj", "{D2EF6DB8-C9F0-47B0-9D93-746C3D694001}"
EndProject
Project("{FAE04EC0-301F-11D3-BF4B-00C04F79EFBC}") = "EqualPlayer", "EqualPlayer\EqualPlayer.csproj", "{13C0B631-6359-41D7-BBAB-D301EE4C23FD}"
EndProject
Project("{FAE04EC0-301F-11D3-BF4B-00C04F79EFBC}") = "FilePower1", "FilePower1\FilePower1.csproj", "{C372883F-D59C-459A-81A5-A88257D86F29}"
EndProject
Project("{FAE04EC0-301F-11D3-BF4B-00C04F79EFBC}") = "FilePower2", "FilePower2\FilePower2.csproj", "{155993EA-E7F8-4FC8-A677-C65E22AD8256}"
EndProject
Global
	GlobalSection(SolutionConfigurationPlatforms) = preSolution
		Debug|Any CPU = Debug|Any CPU
		Release|Any CPU = Release|Any CPU
	EndGlobalSection
	GlobalSection(SolutionProperties) = preSolution
		HideSolutionNode = FALSE
	EndGlobalSection
	GlobalSection(ProjectConfigurationPlatforms) = postSolution
		{D2EF6DB8-C9F0-47B0-9D93-746C3D694001}.Debug|Any CPU.ActiveCfg = Debug|Any CPU
		{D2EF6DB8-C9F0-47B0-9D93-746C3D694001}.Debug|Any CPU.Build.0 = Debug|Any CPU
		{D2EF6DB8-C9F0-47B0-9D93-746C3D694001}.Release|Any CPU.ActiveCfg = Release|Any CPU
		{D2EF6DB8-C9F0-47B0-9D93-746C3D694001}.Release|Any CPU.Build.0 = Release|Any CPU
		{13C0B631-6359-41D7-BBAB-D301EE4C23FD}.Debug|Any CPU.ActiveCfg = Debug|Any CPU
		{13C0B631-6359-41D7-BBAB-D301EE4C23FD}.Debug|Any CPU.Build.0 = Debug|Any CPU
		{13C0B631-6359-41D7-BBAB-D301EE4C23FD}.Release|Any CPU.ActiveCfg = Release|Any CPU
		{13C0B631-6359-41D7-BBAB-D301EE4C23FD}.Release|Any CPU.Build.0 = Release|Any CPU
		{C372883F-D59C-459A-81A5-A88257D86F29}.Debug|Any CPU.ActiveCfg = Debug|Any CPU
		{C372883F-D59C-459A-81A5-A88257D86F29}.Debug|Any CPU.Build.0 = Debug|Any CPU
		{C372883F-D59C-459A-81A5-A88257D86F29}.Release|Any CPU.ActiveCfg = Release|Any CPU
		{C372883F-D59C-459A-81A5-A88257D86F29}.Release|Any CPU.Build.0 = Release|Any CPU
		{155993EA-E7F8-4FC8-A677-C65E22AD8256}.Debug|Any CPU.ActiveCfg = Debug|Any CPU
		{155993EA-E7F8-4FC8-A677-C65E22AD8256}.Debug|Any CPU.Build.0 = Debug|Any CPU
		{155993EA-E7F8-4FC8-A677-C65E22AD8256}.Release|Any CPU.ActiveCfg = Release|Any CPU
		{155993EA-E7F8-4FC8-A677-C65E22AD8256}.Release|Any CPU.Build.0 = Release|Any CPU
	EndGlobalSection
EndGlobal
